Microsoft Visual Studio Solution File, Format Version 12.00
# Visual Studio Version 17
VisualStudioVersion = 17.5.2.0
MinimumVisualStudioVersion = 10.0.40219.1
Project("{FAE04EC0-301F-11D3-BF4B-00C04F79EFBC}") = "CalcualdoraDotnet", "CalcualdoraDotnet.csproj", "{23F18905-9A81-286C-808B-A42D5B009A8B}"
EndProject
Global
	GlobalSection(SolutionConfigurationPlatforms) = preSolution
		Debug|Any CPU = Debug|Any CPU
		Release|Any CPU = Release|Any CPU
	EndGlobalSection
	GlobalSection(ProjectConfigurationPlatforms) = postSolution
		{23F18905-9A81-286C-808B-A42D5B009A8B}.Debug|Any CPU.ActiveCfg = Debug|Any CPU
		{23F18905-9A81-286C-808B-A42D5B009A8B}.Debug|Any CPU.Build.0 = Debug|Any CPU
		{23F18905-9A81-286C-808B-A42D5B009A8B}.Release|Any CPU.ActiveCfg = Release|Any CPU
		{23F18905-9A81-286C-808B-A42D5B009A8B}.Release|Any CPU.Build.0 = Release|Any CPU
	EndGlobalSection
	GlobalSection(SolutionProperties) = preSolution
		HideSolutionNode = FALSE
	EndGlobalSection
	GlobalSection(ExtensibilityGlobals) = postSolution
		SolutionGuid = {A0F8885D-8BA0-4205-9D57-FB0D759BCE57}
	EndGlobalSection
EndGlobal
